github.com/extism/go-pdk v1.0.2 h1:UB7oTW3tw2zoMlsUdBEDAAbhQg9OudzgNeyCwQYZ730=
github.com/extism/go-pdk v1.0.2/go.mod h1:Gz+LIU/YCKnKXhgge8yo5Yu1F/lbv7KtKFkiCSzW/P4=
github.com/spirefy/go-pdk v0.0.3 h1:rVGyOQW/rb9C+8DtIo/KtmE+3faJkYfw5qpV3uKj98E=
github.com/spirefy/go-pdk v0.0.3/go.mod h1:K42Q1gNOK+cil7kmlsA7QaS6yhU9BN3veCf/csXhPJM=
